
Microsoft Visual Studio Solution File, Format Version 12.00
# Visual Studio Version 16
VisualStudioVersion = 16.0.30320.27
MinimumVisualStudioVersion = 10.0.40219.1
Project("{FAE04EC0-301F-11D3-BF4B-00C04F79EFBC}") = "Homework14.5", "Homework14.5\Homework14.5.csproj", "{1DF55BEC-D147-4212-81D6-3AED61D4ABE8}"
EndProject
Global
	GlobalSection(SolutionConfigurationPlatforms) = preSolution
		Debug|Any CPU = Debug|Any CPU
		Release|Any CPU = Release|Any CPU
	EndGlobalSection
	GlobalSection(ProjectConfigurationPlatforms) = postSolution
		{1DF55BEC-D147-4212-81D6-3AED61D4ABE8}.Debug|Any CPU.ActiveCfg = Debug|Any CPU
		{1DF55BEC-D147-4212-81D6-3AED61D4ABE8}.Debug|Any CPU.Build.0 = Debug|Any CPU
		{1DF55BEC-D147-4212-81D6-3AED61D4ABE8}.Release|Any CPU.ActiveCfg = Release|Any CPU
		{1DF55BEC-D147-4212-81D6-3AED61D4ABE8}.Release|Any CPU.Build.0 = Release|Any CPU
	EndGlobalSection
	GlobalSection(SolutionProperties) = preSolution
		HideSolutionNode = FALSE
	EndGlobalSection
	GlobalSection(ExtensibilityGlobals) = postSolution
		SolutionGuid = {86E2EBE9-A1AB-400E-9EC6-92CBE402360A}
	EndGlobalSection
EndGlobal
